
Microsoft Visual Studio Solution File, Format Version 12.00
# Visual Studio 15
VisualStudioVersion = 15.0.28307.1401
MinimumVisualStudioVersion = 10.0.40219.1
Project("{159641D6-6404-4A2A-AE62-294DE0FE8301}") = "fase1", "fase1.dtproj", "{C418B20F-EE89-4BDF-8976-5BB48342798E}"
EndProject
Global
	GlobalSection(SolutionConfigurationPlatforms) = preSolution
		Development|Default = Development|Default
	EndGlobalSection
	GlobalSection(ProjectConfigurationPlatforms) = postSolution
		{C418B20F-EE89-4BDF-8976-5BB48342798E}.Development|Default.ActiveCfg = Development
		{C418B20F-EE89-4BDF-8976-5BB48342798E}.Development|Default.Build.0 = Development
	EndGlobalSection
	GlobalSection(SolutionProperties) = preSolution
		HideSolutionNode = FALSE
	EndGlobalSection
	GlobalSection(ExtensibilityGlobals) = postSolution
		SolutionGuid = {ED8A2B37-79A3-4461-9451-A2F3DD1E3F18}
	EndGlobalSection
EndGlobal
